
Microsoft Visual Studio Solution File, Format Version 12.00
# Visual Studio Version 16
VisualStudioVersion = 16.0.33529.622
MinimumVisualStudioVersion = 10.0.40219.1
Project("{FAE04EC0-301F-11D3-BF4B-00C04F79EFBC}") = "WebApplication1", "WebApplication1\WebApplication1.csproj", "{2A695D43-4F16-4BF6-ABFB-1CE49E8564B0}"
EndProject
Global
	GlobalSection(SolutionConfigurationPlatforms) = preSolution
		Debug|Any CPU = Debug|Any CPU
		Release|Any CPU = Release|Any CPU
	EndGlobalSection
	GlobalSection(ProjectConfigurationPlatforms) = postSolution
		{2A695D43-4F16-4BF6-ABFB-1CE49E8564B0}.Debug|Any CPU.ActiveCfg = Debug|Any CPU
		{2A695D43-4F16-4BF6-ABFB-1CE49E8564B0}.Debug|Any CPU.Build.0 = Debug|Any CPU
		{2A695D43-4F16-4BF6-ABFB-1CE49E8564B0}.Release|Any CPU.ActiveCfg = Release|Any CPU
		{2A695D43-4F16-4BF6-ABFB-1CE49E8564B0}.Release|Any CPU.Build.0 = Release|Any CPU
	EndGlobalSection
	GlobalSection(SolutionProperties) = preSolution
		HideSolutionNode = FALSE
	EndGlobalSection
	GlobalSection(ExtensibilityGlobals) = postSolution
		SolutionGuid = {4E67117A-A84C-42C4-B44E-CC70F8681242}
	EndGlobalSection
EndGlobal
